
Microsoft Visual Studio Solution File, Format Version 12.00
# Visual Studio 15
VisualStudioVersion = 15.0.27130.2003
MinimumVisualStudioVersion = 10.0.40219.1
Project("{FAE04EC0-301F-11D3-BF4B-00C04F79EFBC}") = "DependenciasInternas", "DependenciasInternas\DependenciasInternas.csproj", "{7E8B60A2-806E-4C15-87C4-248F1401D1DC}"
EndProject
Project("{FAE04EC0-301F-11D3-BF4B-00C04F79EFBC}") = "Testes", "Testes\Testes.csproj", "{95F60647-7F02-4F72-9488-F54F20BCAC49}"
EndProject
Global
	GlobalSection(SolutionConfigurationPlatforms) = preSolution
		Debug|Any CPU = Debug|Any CPU
		Release|Any CPU = Release|Any CPU
	EndGlobalSection
	GlobalSection(ProjectConfigurationPlatforms) = postSolution
		{7E8B60A2-806E-4C15-87C4-248F1401D1DC}.Debug|Any CPU.ActiveCfg = Debug|Any CPU
		{7E8B60A2-806E-4C15-87C4-248F1401D1DC}.Debug|Any CPU.Build.0 = Debug|Any CPU
		{7E8B60A2-806E-4C15-87C4-248F1401D1DC}.Release|Any CPU.ActiveCfg = Release|Any CPU
		{7E8B60A2-806E-4C15-87C4-248F1401D1DC}.Release|Any CPU.Build.0 = Release|Any CPU
		{95F60647-7F02-4F72-9488-F54F20BCAC49}.Debug|Any CPU.ActiveCfg = Debug|Any CPU
		{95F60647-7F02-4F72-9488-F54F20BCAC49}.Debug|Any CPU.Build.0 = Debug|Any CPU
		{95F60647-7F02-4F72-9488-F54F20BCAC49}.Release|Any CPU.ActiveCfg = Release|Any CPU
		{95F60647-7F02-4F72-9488-F54F20BCAC49}.Release|Any CPU.Build.0 = Release|Any CPU
	EndGlobalSection
	GlobalSection(SolutionProperties) = preSolution
		HideSolutionNode = FALSE
	EndGlobalSection
	GlobalSection(ExtensibilityGlobals) = postSolution
		SolutionGuid = {17D8B1EA-7B9E-4458-9348-FF4ADC1E65B0}
	EndGlobalSection
EndGlobal
